
Microsoft Visual Studio Solution File, Format Version 12.00
# Visual Studio 2017
Project("{FAE04EC0-301F-11D3-BF4B-00C04F79EFBC}") = "3DMaze.sec16_done", "3DMaze.sec16_done.csproj", "{DD061AAB-00C2-2DD0-6756-BCF59CB3A129}"
EndProject
Global
	GlobalSection(SolutionConfigurationPlatforms) = preSolution
		Debug|Any CPU = Debug|Any CPU
		Release|Any CPU = Release|Any CPU
	EndGlobalSection
	GlobalSection(ProjectConfigurationPlatforms) = postSolution
		{DD061AAB-00C2-2DD0-6756-BCF59CB3A129}.Debug|Any CPU.ActiveCfg = Debug|Any CPU
		{DD061AAB-00C2-2DD0-6756-BCF59CB3A129}.Debug|Any CPU.Build.0 = Debug|Any CPU
		{DD061AAB-00C2-2DD0-6756-BCF59CB3A129}.Release|Any CPU.ActiveCfg = Release|Any CPU
		{DD061AAB-00C2-2DD0-6756-BCF59CB3A129}.Release|Any CPU.Build.0 = Release|Any CPU
	EndGlobalSection
	GlobalSection(SolutionProperties) = preSolution
		HideSolutionNode = FALSE
	EndGlobalSection
EndGlobal
